
Microsoft Visual Studio Solution File, Format Version 12.00
# Visual Studio 14
VisualStudioVersion = 14.0.23107.0
MinimumVisualStudioVersion = 10.0.40219.1
Project("{FAE04EC0-301F-11D3-BF4B-00C04F79EFBC}") = "HLRemoting", "..\Solution1\HLRemoting\HLRemoting.csproj", "{AA9927BC-37CB-4B5A-A6A8-A678050F3C64}"
EndProject
Project("{F184B08F-C81C-45F6-A57F-5ABD9991F28F}") = "DebuggerConsole", "..\Solution1\DebuggerConsole\DebuggerConsole.vbproj", "{3FEC93C5-A276-4CC4-9A18-C09B290E3128}"
EndProject
Project("{F184B08F-C81C-45F6-A57F-5ABD9991F28F}") = "HLRemotingTest", "..\Solution1\HLRemotingTest\HLRemotingTest.vbproj", "{56CBDCAE-32B8-469A-A0B0-959FCD5E626C}"
EndProject
Project("{FAE04EC0-301F-11D3-BF4B-00C04F79EFBC}") = "CPGameEngineTest", "CPGameEngineTest\CPGameEngineTest.csproj", "{9011A3FF-4927-4F4C-95A1-49A25887AB1B}"
EndProject
Project("{FAE04EC0-301F-11D3-BF4B-00C04F79EFBC}") = "CPGameCore", "CPGameCore\CPGameCore.csproj", "{5AA47E91-8BC8-4AD0-A005-EBF8DF958A24}"
EndProject
Project("{FAE04EC0-301F-11D3-BF4B-00C04F79EFBC}") = "SandBoxLib", "SandBoxLib\SandBoxLib.csproj", "{38CD18C5-B98B-4D37-8327-767AA0A3AF84}"
EndProject
Project("{FAE04EC0-301F-11D3-BF4B-00C04F79EFBC}") = "010.Irony.2012", "..\..\..\Irony_2013_12_12\Irony\010.Irony.2012.csproj", "{D81F5C91-D7DB-46E5-BC99-49488FB6814C}"
EndProject
Project("{FAE04EC0-301F-11D3-BF4B-00C04F79EFBC}") = "SandBoxTest", "SandBoxTest\SandBoxTest.csproj", "{62826B8F-AD3E-469E-8438-597E566AEE9D}"
EndProject
Global
	GlobalSection(SolutionConfigurationPlatforms) = preSolution
		Debug|Any CPU = Debug|Any CPU
		Release|Any CPU = Release|Any CPU
	EndGlobalSection
	GlobalSection(ProjectConfigurationPlatforms) = postSolution
		{AA9927BC-37CB-4B5A-A6A8-A678050F3C64}.Debug|Any CPU.ActiveCfg = Debug|Any CPU
		{AA9927BC-37CB-4B5A-A6A8-A678050F3C64}.Debug|Any CPU.Build.0 = Debug|Any CPU
		{AA9927BC-37CB-4B5A-A6A8-A678050F3C64}.Release|Any CPU.ActiveCfg = Release|Any CPU
		{AA9927BC-37CB-4B5A-A6A8-A678050F3C64}.Release|Any CPU.Build.0 = Release|Any CPU
		{3FEC93C5-A276-4CC4-9A18-C09B290E3128}.Debug|Any CPU.ActiveCfg = Debug|Any CPU
		{3FEC93C5-A276-4CC4-9A18-C09B290E3128}.Debug|Any CPU.Build.0 = Debug|Any CPU
		{3FEC93C5-A276-4CC4-9A18-C09B290E3128}.Release|Any CPU.ActiveCfg = Release|Any CPU
		{3FEC93C5-A276-4CC4-9A18-C09B290E3128}.Release|Any CPU.Build.0 = Release|Any CPU
		{56CBDCAE-32B8-469A-A0B0-959FCD5E626C}.Debug|Any CPU.ActiveCfg = Debug|Any CPU
		{56CBDCAE-32B8-469A-A0B0-959FCD5E626C}.Debug|Any CPU.Build.0 = Debug|Any CPU
		{56CBDCAE-32B8-469A-A0B0-959FCD5E626C}.Release|Any CPU.ActiveCfg = Release|Any CPU
		{56CBDCAE-32B8-469A-A0B0-959FCD5E626C}.Release|Any CPU.Build.0 = Release|Any CPU
		{9011A3FF-4927-4F4C-95A1-49A25887AB1B}.Debug|Any CPU.ActiveCfg = Debug|Any CPU
		{9011A3FF-4927-4F4C-95A1-49A25887AB1B}.Debug|Any CPU.Build.0 = Debug|Any CPU
		{9011A3FF-4927-4F4C-95A1-49A25887AB1B}.Release|Any CPU.ActiveCfg = Release|Any CPU
		{9011A3FF-4927-4F4C-95A1-49A25887AB1B}.Release|Any CPU.Build.0 = Release|Any CPU
		{5AA47E91-8BC8-4AD0-A005-EBF8DF958A24}.Debug|Any CPU.ActiveCfg = Debug|Any CPU
		{5AA47E91-8BC8-4AD0-A005-EBF8DF958A24}.Debug|Any CPU.Build.0 = Debug|Any CPU
		{5AA47E91-8BC8-4AD0-A005-EBF8DF958A24}.Release|Any CPU.ActiveCfg = Release|Any CPU
		{5AA47E91-8BC8-4AD0-A005-EBF8DF958A24}.Release|Any CPU.Build.0 = Release|Any CPU
		{38CD18C5-B98B-4D37-8327-767AA0A3AF84}.Debug|Any CPU.ActiveCfg = Debug|Any CPU
		{38CD18C5-B98B-4D37-8327-767AA0A3AF84}.Debug|Any CPU.Build.0 = Debug|Any CPU
		{38CD18C5-B98B-4D37-8327-767AA0A3AF84}.Release|Any CPU.ActiveCfg = Release|Any CPU
		{38CD18C5-B98B-4D37-8327-767AA0A3AF84}.Release|Any CPU.Build.0 = Release|Any CPU
		{D81F5C91-D7DB-46E5-BC99-49488FB6814C}.Debug|Any CPU.ActiveCfg = Debug|Any CPU
		{D81F5C91-D7DB-46E5-BC99-49488FB6814C}.Debug|Any CPU.Build.0 = Debug|Any CPU
		{D81F5C91-D7DB-46E5-BC99-49488FB6814C}.Release|Any CPU.ActiveCfg = Release|Any CPU
		{D81F5C91-D7DB-46E5-BC99-49488FB6814C}.Release|Any CPU.Build.0 = Release|Any CPU
		{62826B8F-AD3E-469E-8438-597E566AEE9D}.Debug|Any CPU.ActiveCfg = Debug|Any CPU
		{62826B8F-AD3E-469E-8438-597E566AEE9D}.Debug|Any CPU.Build.0 = Debug|Any CPU
		{62826B8F-AD3E-469E-8438-597E566AEE9D}.Release|Any CPU.ActiveCfg = Release|Any CPU
		{62826B8F-AD3E-469E-8438-597E566AEE9D}.Release|Any CPU.Build.0 = Release|Any CPU
	EndGlobalSection
	GlobalSection(SolutionProperties) = preSolution
		HideSolutionNode = FALSE
	EndGlobalSection
EndGlobal
